
Microsoft Visual Studio Solution File, Format Version 12.00
# Visual Studio Version 17
VisualStudioVersion = 17.7.34024.191
MinimumVisualStudioVersion = 10.0.40219.1
Project("{FAE04EC0-301F-11D3-BF4B-00C04F79EFBC}") = "Lab5.22", "Lab5.22.csproj", "{DAB14161-011A-4678-A375-BA4B2532DF85}"
EndProject
Global
	GlobalSection(SolutionConfigurationPlatforms) = preSolution
		Debug|Any CPU = Debug|Any CPU
		Release|Any CPU = Release|Any CPU
	EndGlobalSection
	GlobalSection(ProjectConfigurationPlatforms) = postSolution
		{DAB14161-011A-4678-A375-BA4B2532DF85}.Debug|Any CPU.ActiveCfg = Debug|Any CPU
		{DAB14161-011A-4678-A375-BA4B2532DF85}.Debug|Any CPU.Build.0 = Debug|Any CPU
		{DAB14161-011A-4678-A375-BA4B2532DF85}.Release|Any CPU.ActiveCfg = Release|Any CPU
		{DAB14161-011A-4678-A375-BA4B2532DF85}.Release|Any CPU.Build.0 = Release|Any CPU
	EndGlobalSection
	GlobalSection(SolutionProperties) = preSolution
		HideSolutionNode = FALSE
	EndGlobalSection
	GlobalSection(ExtensibilityGlobals) = postSolution
		SolutionGuid = {11610E9B-5B41-4571-96AB-C2F1BEF15023}
	EndGlobalSection
EndGlobal
