
Microsoft Visual Studio Solution File, Format Version 12.00
# Visual Studio Version 17
VisualStudioVersion = 17.7.34024.191
MinimumVisualStudioVersion = 10.0.40219.1
Project("{FAE04EC0-301F-11D3-BF4B-00C04F79EFBC}") = "Lab9", "Lab9.csproj", "{BE06AD86-8135-4A3E-814C-C2A649E48DA8}"
EndProject
Global
	GlobalSection(SolutionConfigurationPlatforms) = preSolution
		Debug|Any CPU = Debug|Any CPU
		Release|Any CPU = Release|Any CPU
	EndGlobalSection
	GlobalSection(ProjectConfigurationPlatforms) = postSolution
		{BE06AD86-8135-4A3E-814C-C2A649E48DA8}.Debug|Any CPU.ActiveCfg = Debug|Any CPU
		{BE06AD86-8135-4A3E-814C-C2A649E48DA8}.Debug|Any CPU.Build.0 = Debug|Any CPU
		{BE06AD86-8135-4A3E-814C-C2A649E48DA8}.Release|Any CPU.ActiveCfg = Release|Any CPU
		{BE06AD86-8135-4A3E-814C-C2A649E48DA8}.Release|Any CPU.Build.0 = Release|Any CPU
	EndGlobalSection
	GlobalSection(SolutionProperties) = preSolution
		HideSolutionNode = FALSE
	EndGlobalSection
	GlobalSection(ExtensibilityGlobals) = postSolution
		SolutionGuid = {89A2017F-97B0-4CE1-80D5-00082768BF1A}
	EndGlobalSection
EndGlobal
