
Microsoft Visual Studio Solution File, Format Version 12.00
# Visual Studio Version 17
VisualStudioVersion = 17.7.34024.191
MinimumVisualStudioVersion = 10.0.40219.1
Project("{FAE04EC0-301F-11D3-BF4B-00C04F79EFBC}") = "Lab16 Iterator", "Lab16 Iterator.csproj", "{6A804657-CCAE-47A9-B695-EA8E1DDBC512}"
EndProject
Global
	GlobalSection(SolutionConfigurationPlatforms) = preSolution
		Debug|Any CPU = Debug|Any CPU
		Release|Any CPU = Release|Any CPU
	EndGlobalSection
	GlobalSection(ProjectConfigurationPlatforms) = postSolution
		{6A804657-CCAE-47A9-B695-EA8E1DDBC512}.Debug|Any CPU.ActiveCfg = Debug|Any CPU
		{6A804657-CCAE-47A9-B695-EA8E1DDBC512}.Debug|Any CPU.Build.0 = Debug|Any CPU
		{6A804657-CCAE-47A9-B695-EA8E1DDBC512}.Release|Any CPU.ActiveCfg = Release|Any CPU
		{6A804657-CCAE-47A9-B695-EA8E1DDBC512}.Release|Any CPU.Build.0 = Release|Any CPU
	EndGlobalSection
	GlobalSection(SolutionProperties) = preSolution
		HideSolutionNode = FALSE
	EndGlobalSection
	GlobalSection(ExtensibilityGlobals) = postSolution
		SolutionGuid = {2C5BE7ED-D538-4663-84AC-DC9569BC3B3C}
	EndGlobalSection
EndGlobal
