
Microsoft Visual Studio Solution File, Format Version 12.00
# Visual Studio Version 17
VisualStudioVersion = 17.7.34024.191
MinimumVisualStudioVersion = 10.0.40219.1
Project("{FAE04EC0-301F-11D3-BF4B-00C04F79EFBC}") = "Lab13 Proxy", "Lab13 Proxy.csproj", "{C9BDEE35-CAC0-405E-88A9-C37A1BFAADE3}"
EndProject
Global
	GlobalSection(SolutionConfigurationPlatforms) = preSolution
		Debug|Any CPU = Debug|Any CPU
		Release|Any CPU = Release|Any CPU
	EndGlobalSection
	GlobalSection(ProjectConfigurationPlatforms) = postSolution
		{C9BDEE35-CAC0-405E-88A9-C37A1BFAADE3}.Debug|Any CPU.ActiveCfg = Debug|Any CPU
		{C9BDEE35-CAC0-405E-88A9-C37A1BFAADE3}.Debug|Any CPU.Build.0 = Debug|Any CPU
		{C9BDEE35-CAC0-405E-88A9-C37A1BFAADE3}.Release|Any CPU.ActiveCfg = Release|Any CPU
		{C9BDEE35-CAC0-405E-88A9-C37A1BFAADE3}.Release|Any CPU.Build.0 = Release|Any CPU
	EndGlobalSection
	GlobalSection(SolutionProperties) = preSolution
		HideSolutionNode = FALSE
	EndGlobalSection
	GlobalSection(ExtensibilityGlobals) = postSolution
		SolutionGuid = {69D20A40-EFB2-408D-B529-FF1A31228DA0}
	EndGlobalSection
EndGlobal
