
Microsoft Visual Studio Solution File, Format Version 12.00
# Visual Studio Version 17
VisualStudioVersion = 17.7.34024.191
MinimumVisualStudioVersion = 10.0.40219.1
Project("{FAE04EC0-301F-11D3-BF4B-00C04F79EFBC}") = "Lab20 State", "Lab20 State.csproj", "{4179F2E2-F2A4-4872-A85B-C48CF1E3B5CF}"
EndProject
Global
	GlobalSection(SolutionConfigurationPlatforms) = preSolution
		Debug|Any CPU = Debug|Any CPU
		Release|Any CPU = Release|Any CPU
	EndGlobalSection
	GlobalSection(ProjectConfigurationPlatforms) = postSolution
		{4179F2E2-F2A4-4872-A85B-C48CF1E3B5CF}.Debug|Any CPU.ActiveCfg = Debug|Any CPU
		{4179F2E2-F2A4-4872-A85B-C48CF1E3B5CF}.Debug|Any CPU.Build.0 = Debug|Any CPU
		{4179F2E2-F2A4-4872-A85B-C48CF1E3B5CF}.Release|Any CPU.ActiveCfg = Release|Any CPU
		{4179F2E2-F2A4-4872-A85B-C48CF1E3B5CF}.Release|Any CPU.Build.0 = Release|Any CPU
	EndGlobalSection
	GlobalSection(SolutionProperties) = preSolution
		HideSolutionNode = FALSE
	EndGlobalSection
	GlobalSection(ExtensibilityGlobals) = postSolution
		SolutionGuid = {3B22B26F-6697-4B22-AF8F-6EFF82566102}
	EndGlobalSection
EndGlobal
